Microsoft Visual Studio Solution File, Format Version 11.00
# Visual Studio 2008

Project("{8AF0F5C3-EDAD-8D8E-158F-F27B9F03AFAC}") = "Learning", "Assembly-CSharp.csproj", "{32735DBE-EA04-BA93-51D8-1BE73F9E6252}"
EndProject
Global
	GlobalSection(SolutionConfigurationPlatforms) = preSolution
		Debug|Any CPU = Debug|Any CPU
		Release|Any CPU = Release|Any CPU
	EndGlobalSection
	GlobalSection(ProjectConfigurationPlatforms) = postSolution
		{32735DBE-EA04-BA93-51D8-1BE73F9E6252}.Debug|Any CPU.ActiveCfg = Debug|Any CPU
		{32735DBE-EA04-BA93-51D8-1BE73F9E6252}.Debug|Any CPU.Build.0 = Debug|Any CPU
		{32735DBE-EA04-BA93-51D8-1BE73F9E6252}.Release|Any CPU.ActiveCfg = Release|Any CPU
		{32735DBE-EA04-BA93-51D8-1BE73F9E6252}.Release|Any CPU.Build.0 = Release|Any CPU
	EndGlobalSection
	GlobalSection(SolutionProperties) = preSolution
		HideSolutionNode = FALSE
	EndGlobalSection
	GlobalSection(MonoDevelopProperties) = preSolution
		StartupItem = Assembly-CSharp.csproj
	EndGlobalSection
EndGlobal
